{
  "nodes": {
    "nixpkgs": {
      "locked": {
        "lastModified": 1730196923,
        "narHash": "sha256-IYZBq0/xHigwB1aluffA3zaZIQ/Q+RgdWhKJH67kSvw=",
        "owner": "NixOS",
        "repo": "nixpkgs",
        "rev": "2dc7d41b150a6bf3a30738a89e1019ff81a14389",
        "type": "github"
      },
      "original": {
        "owner": "NixOS",
        "repo": "nixpkgs",
        "type": "github"
      }
    },
    "root": {
      "inputs": {
        "nixpkgs": "nixpkgs"
      }
    }
  },
  "root": "root",
  "version": 7
}
